PackratFormat: 1.4
PackratVersion: 0.6.0
RVersion: 4.0.5
Repos: CRAN=https://cran.rstudio.com/

Package: DBI
Source: CRAN
Version: 1.1.1
Hash: 95ac95db152115f1cbaef1b7f765e65d

Package: R6
Source: CRAN
Version: 2.5.0
Hash: 25ebbd2664a276c915984da5c820c404

Package: RColorBrewer
Source: CRAN
Version: 1.1-2
Hash: c0d56cd15034f395874c870141870c25

Package: Rcpp
Source: CRAN
Version: 1.0.6
Hash: d891b607ea796cf30abfe4795380423f

Package: askpass
Source: CRAN
Version: 1.1
Hash: 6f6c430e3cd0dd7d48f447700f4d7e7f
Requires: sys

Package: assertthat
Source: CRAN
Version: 0.2.1
Hash: 622be49032fe50bd42e96aaef613e209

Package: base64enc
Source: CRAN
Version: 0.1-3
Hash: c590d29e555926af053055e23ee79efb

Package: bigrquery
Source: CRAN
Version: 1.3.2
Hash: d9d413541260de0b94f355b0a6c7bef7
Requires: DBI, Rcpp, assertthat, bit64, curl, gargle, glue, httr,
    jsonlite, prettyunits, progress, rapidjsonr, rlang, tibble

Package: bit
Source: CRAN
Version: 4.0.4
Hash: 75dd3abfa313c948b007aef6dedd3c87

Package: bit64
Source: CRAN
Version: 4.0.5
Hash: f82a5f545b6ed024639c3b9358c5e19f
Requires: bit

Package: brio
Source: CRAN
Version: 1.1.2
Hash: 6c51499fd4323a26e03e293ff98d808b

Package: bslib
Source: CustomCRANLikeRepository
Version: 0.2.4
Hash: 2dcc37222856e66b36db2c1ad11b9bc0
Requires: jsonlite, magrittr, rlang, digest, htmltools, jquerylib, sass

Package: cachem
Source: CRAN
Version: 1.0.4
Hash: 8ba7d0e3593d47517fbabf30860d0eeb
Requires: rlang, fastmap

Package: callr
Source: CRAN
Version: 3.7.0
Hash: 548499537ed2865bf976762454bf550e
Requires: R6, processx

Package: classInt
Source: CRAN
Version: 0.4-3
Hash: 40f1a7fc0254fffd9bf6e5ee046de859
Requires: e1071

Package: cli
Source: CRAN
Version: 2.5.0
Hash: f4afb5d894854c102b267975d45e380c
Requires: glue

Package: colorspace
Source: CRAN
Version: 2.0-1
Hash: 69545b65fbad1f346da262f7f6d266fe

Package: commonmark
Source: CRAN
Version: 1.7
Hash: 77f4ba718e2bad1877ef26e48cf8fa43

Package: countrycode
Source: CRAN
Version: 1.2.0
Hash: 564e3f3590be2ac559160be97c2430d5

Package: crayon
Source: CRAN
Version: 1.4.1
Hash: 2e1b6e4b4bc63ebe2aaee1546b871329

Package: curl
Source: CRAN
Version: 4.3.1
Hash: 483291cb4444c3542a2a99903c217232

Package: debugme
Source: CRAN
Version: 1.1.0
Hash: c233690edd9fa17a63f7c8d83c1ca153
Requires: crayon

Package: desc
Source: CRAN
Version: 1.3.0
Hash: 3f74548f278428b009b0a31ba8d79302
Requires: R6, crayon, rprojroot

Package: diffobj
Source: CRAN
Version: 0.3.4
Hash: 9861061eb2b16efe8b9771af8a8232ba
Requires: crayon

Package: digest
Source: CRAN
Version: 0.6.27
Hash: 8ba156629c1537635b39332c93d8ed33

Package: dplyr
Source: CRAN
Version: 1.0.6
Hash: da3b72d851a648c4994f40459d06ef23
Requires: R6, ellipsis, glue, lifecycle, magrittr, pillar, rlang,
    tibble, vctrs, generics, tidyselect

Package: e1071
Source: CRAN
Version: 1.7-6
Hash: af3a14a1b43af34bedbc4832f56c5661
Requires: proxy

Package: ellipsis
Source: CRAN
Version: 0.3.2
Hash: b21bfc48556c0c6a93fc9ede6c00cfaf
Requires: rlang

Package: evaluate
Source: CRAN
Version: 0.14
Hash: 18306cc3bc1aec7b7360eea8a0eb0ee1

Package: fansi
Source: CRAN
Version: 0.4.2
Hash: 46ab61226bcca6890ad4864250f62a0e

Package: farver
Source: CRAN
Version: 2.1.0
Hash: a001f1816f74d0e76e82171eef764a9d

Package: fastmap
Source: CRAN
Version: 1.1.0
Hash: e4d212b14d40b91c791c0b9d3b6ffd99

Package: fs
Source: CRAN
Version: 1.5.0
Hash: 918ea5c88cad73d5d5b529ca98f8ad11

Package: gargle
Source: CRAN
Version: 1.1.0
Hash: af9d8e078374757f0dc2862110190f3f
Requires: cli, fs, glue, httr, jsonlite, rappdirs, rlang, rstudioapi,
    withr

Package: generics
Source: CRAN
Version: 0.1.0
Hash: c265031f21f6435ffaa9633eb64c3095

Package: ggplot2
Source: CRAN
Version: 3.3.3
Hash: fcae8a1c452b7bf7e5b11d1d438c825e
Requires: digest, glue, rlang, tibble, withr, gtable, isoband, scales

Package: glue
Source: CRAN
Version: 1.4.2
Hash: afa798ba9deec3676e20300b79094749

Package: gridExtra
Source: CRAN
Version: 2.3
Hash: fa977bc1aab5588a08123b10ceb1ad3d
Requires: gtable

Package: gtable
Source: CRAN
Version: 0.3.0
Hash: a9e7b0666eb933a0cb36779240b4462e

Package: hms
Source: CRAN
Version: 1.0.0
Hash: 045f4f0c5af5611f42b19cfd492dd78d
Requires: rlang, ellipsis, lifecycle, pkgconfig, vctrs

Package: htmltools
Source: CRAN
Version: 0.5.1.1
Hash: 297e3b95a781d9a6fb7259e0f6824020
Requires: base64enc, digest, rlang

Package: htmlwidgets
Source: CRAN
Version: 1.5.3
Hash: 6405f8f000f8a52e0dc2f034b3693fe5
Requires: htmltools, jsonlite, yaml

Package: httpuv
Source: CRAN
Version: 1.6.1
Hash: f6544986815865f945ef7308aecdebe3
Requires: R6, Rcpp, later, promises

Package: httr
Source: CRAN
Version: 1.4.2
Hash: 2ad813eba37ce1f357434789aa8b6132
Requires: R6, curl, jsonlite, mime, openssl

Package: isoband
Source: CRAN
Version: 0.2.4
Hash: b1e8c5547c2e0b0b45f375da77325ed2

Package: jquerylib
Source: CRAN
Version: 0.1.4
Hash: 338eb4374296b76bdee1e463c810113d
Requires: htmltools

Package: jsonlite
Source: CRAN
Version: 1.7.2
Hash: a5965fb563ba3643e75c425a82f935e6

Package: labeling
Source: CRAN
Version: 0.4.2
Hash: 7474c78957f4e01d1dd4c04217eab244

Package: later
Source: CRAN
Version: 1.2.0
Hash: f0643bd220035619f3743aaed7c3b2c9
Requires: Rcpp, rlang

Package: lifecycle
Source: CRAN
Version: 1.0.0
Hash: 0c18dc7a4e21abdc8132b7cac2b5fcb4
Requires: glue, rlang

Package: magrittr
Source: CRAN
Version: 2.0.1
Hash: d3c166b0573ae8c918edf7221dfe7380

Package: maps
Source: CRAN
Version: 3.3.0
Hash: 0815ed94aca05c7aeb177ebddd4ee23b

Package: mime
Source: CRAN
Version: 0.10
Hash: 20b0f90f3478d2baae76be49777ac9fe

Package: munsell
Source: CRAN
Version: 0.5.0
Hash: 38d0efee9bb99bef143bde41c4ce715c
Requires: colorspace

Package: openssl
Source: CRAN
Version: 1.4.4
Hash: f92eb4a4d54c1bf3db81697cae9344ce
Requires: askpass

Package: packrat
Source: CRAN
Version: 0.6.0
Hash: 62fd532b7524f498caa3cf4cc5f15490

Package: parsedate
Source: CRAN
Version: 1.2.1
Hash: f7933bacbf51b25055d8e6423b6e2744
Requires: rematch2

Package: pillar
Source: CRAN
Version: 1.6.0
Hash: 9e328e6484cba72897cac9b12a619db6
Requires: cli, crayon, ellipsis, fansi, lifecycle, rlang, vctrs, utf8

Package: pingr
Source: CRAN
Version: 2.0.1
Hash: 6414ad7500383eb5965ea101a5015d0c
Requires: processx

Package: pkgconfig
Source: CRAN
Version: 2.0.3
Hash: 5ff5f2361851a49534c96caa2a8071c7

Package: pkgload
Source: CRAN
Version: 1.2.1
Hash: bab7db5deb22f845227d2011ec0d41bd
Requires: cli, crayon, desc, rlang, rprojroot, rstudioapi, withr

Package: png
Source: CRAN
Version: 0.1-7
Hash: 421d7d6e0fb4bd885ecbd909b6456b8b

Package: praise
Source: CRAN
Version: 1.0.0
Hash: 77da8f1df873a4b91e5c4a68fe2fb1b6

Package: prettyunits
Source: CRAN
Version: 1.1.1
Hash: 20669cd8bb8b3207f6371edf8cf510af

Package: processx
Source: CRAN
Version: 3.5.2
Hash: cc352f004474226a589b7028fb4aa0b7
Requires: R6, ps

Package: progress
Source: CRAN
Version: 1.2.2
Hash: 209280eb751acf5899f7c69366e14bd3
Requires: R6, prettyunits, crayon, hms

Package: promises
Source: CRAN
Version: 1.2.0.1
Hash: b999731b91ddfd9b4f8fef55460f3c73
Requires: R6, Rcpp, later, magrittr, rlang

Package: proxy
Source: CRAN
Version: 0.4-25
Hash: 7855a088d7e2c622d740fa1248458cb6

Package: ps
Source: CRAN
Version: 1.6.0
Hash: ff1b2fafdb6239700fdf0f96f99cce87

Package: purrr
Source: CRAN
Version: 0.3.4
Hash: fb4c0edca61826ca0b5b33c828a7b276
Requires: magrittr, rlang

Package: rapidjsonr
Source: CRAN
Version: 1.2.0
Hash: 5d620e559bb944dc2dd4da97b37e568d

Package: rappdirs
Source: CRAN
Version: 0.3.3
Hash: fd602edfd7dbf365642e35dd9cc97958

Package: rematch
Source: CRAN
Version: 1.0.1
Hash: ad4faf59e7611117ff165817074c50c7

Package: rematch2
Source: CRAN
Version: 2.1.2
Hash: b6823f74d6525d39d153620d21e206df
Requires: tibble

Package: rlang
Source: CRAN
Version: 0.4.11
Hash: 765f56f2e0697cfd1ad4c9d34e4efedc

Package: rprojroot
Source: CRAN
Version: 2.0.2
Hash: bdb6a7f2b3c25b8c710615cefdde1af0

Package: rstudioapi
Source: CRAN
Version: 0.13
Hash: dab1619920bed1f1660a3d48e4f7cc7f

Package: sass
Source: CRAN
Version: 0.3.1
Hash: 8ab047f6c1a318e9bb8cabfc368f538c
Requires: R6, digest, fs, htmltools, rappdirs, rlang

Package: scales
Source: CRAN
Version: 1.1.1
Hash: b67ae9f62ecb8912751eb664055d8f8a
Requires: R6, RColorBrewer, farver, lifecycle, labeling, munsell,
    viridisLite

Package: sf
Source: CRAN
Version: 0.9-8
Hash: 51e025b8cc0edbdd8644f64002bfbb60
Requires: DBI, Rcpp, classInt, magrittr, units

Package: shiny
Source: CRAN
Version: 1.6.0
Hash: 35e21ce401cc3b1fae93a190b32f6a65
Requires: R6, bslib, cachem, commonmark, crayon, digest, ellipsis,
    fastmap, glue, htmltools, httpuv, jsonlite, later, lifecycle, mime,
    promises, rlang, withr, sourcetools, xtable

Package: shinyBS
Source: CRAN
Version: 0.61
Hash: 4644935bd93e62a0b82686b26af7efc2
Requires: htmltools, shiny

Package: shinyWidgets
Source: CRAN
Version: 0.6.0
Hash: 3daae69d2d97287a0d035f1f9f2748c8
Requires: bslib, htmltools, jsonlite, sass, shiny

Package: shinyjs
Source: CRAN
Version: 2.0.0
Hash: 76cd028f38d0c5a1f198c4daab81ddfe
Requires: digest, htmltools, jsonlite, shiny

Package: shinytest
Source: CRAN
Version: 1.5.0
Hash: 2eeb43f839c8cf73f1a2afbc4242ace2
Requires: R6, assertthat, callr, crayon, debugme, digest, htmlwidgets,
    httpuv, httr, jsonlite, parsedate, pingr, rematch, rlang,
    rstudioapi, shiny, withr, testthat, webdriver

Package: showimage
Source: CRAN
Version: 1.0.0
Hash: f058f6b423455d7267a39f920b1d1a64
Requires: png

Package: sourcetools
Source: CRAN
Version: 0.1.7
Hash: d093478ac90064e670cd4bf1a99b47b6

Package: sys
Source: CRAN
Version: 3.4
Hash: 7fb0c9e1209a804b329a7df3cd422008

Package: testthat
Source: CRAN
Version: 3.0.2
Hash: 9bcc1a95e57fd187fc8a874107a9220b
Requires: R6, brio, callr, cli, crayon, desc, digest, ellipsis,
    evaluate, jsonlite, lifecycle, magrittr, pkgload, praise, processx,
    ps, rlang, withr, waldo

Package: tibble
Source: CRAN
Version: 3.1.1
Hash: 337ee076631c0ea099495237247d941b
Requires: ellipsis, lifecycle, pkgconfig, rlang, vctrs, fansi,
    magrittr, pillar

Package: tidyselect
Source: CRAN
Version: 1.1.1
Hash: 6415fa4c6b3b5417aa4d3381845d654c
Requires: ellipsis, glue, rlang, vctrs, purrr

Package: units
Source: CRAN
Version: 0.7-1
Hash: bd044e9b984be63ba1f7e5784e009ca1
Requires: Rcpp

Package: utf8
Source: CRAN
Version: 1.2.1
Hash: 4ae5f77d617721b66be32d2b47bc9148

Package: vctrs
Source: CRAN
Version: 0.3.8
Hash: e2e7a28fd30d8df018965c923afd1195
Requires: ellipsis, glue, rlang

Package: viridis
Source: CRAN
Version: 0.6.1
Hash: 3cb05666dc286ca38433e7ed6064e4c6
Requires: ggplot2, gridExtra, viridisLite

Package: viridisLite
Source: CRAN
Version: 0.4.0
Hash: aeccc8c24d26192f4043be0c69151b96

Package: waldo
Source: CRAN
Version: 0.2.5
Hash: 86e2fe83e7da2a7e24da2debfb5ef66c
Requires: cli, diffobj, fansi, glue, rematch2, rlang, tibble

Package: webdriver
Source: CRAN
Version: 1.0.6
Hash: f3600715a6806a0252e24d0973d7b21b
Requires: R6, base64enc, callr, curl, debugme, httr, jsonlite, withr,
    showimage

Package: withr
Source: CRAN
Version: 2.4.2
Hash: 56366c768cead0b9b2b773cf9f16a432

Package: xtable
Source: CRAN
Version: 1.8-4
Hash: dc0d47261b678d26032363bebd050540

Package: yaml
Source: CRAN
Version: 2.2.1
Hash: 424bc11cc358f23187feaa7978628196
